
Microsoft Visual Studio Solution File, Format Version 12.00
# Visual Studio Version 17
VisualStudioVersion = 17.6.33723.286
MinimumVisualStudioVersion = 10.0.40219.1
Project("{FAE04EC0-301F-11D3-BF4B-00C04F79EFBC}") = "FirstProject", "FirstProject\FirstProject.csproj", "{167430A3-8526-4ADE-9E58-22B5762DC049}"
EndProject
Global
	GlobalSection(SolutionConfigurationPlatforms) = preSolution
		Debug|Any CPU = Debug|Any CPU
		Release|Any CPU = Release|Any CPU
	EndGlobalSection
	GlobalSection(ProjectConfigurationPlatforms) = postSolution
		{167430A3-8526-4ADE-9E58-22B5762DC049}.Debug|Any CPU.ActiveCfg = Debug|Any CPU
		{167430A3-8526-4ADE-9E58-22B5762DC049}.Debug|Any CPU.Build.0 = Debug|Any CPU
		{167430A3-8526-4ADE-9E58-22B5762DC049}.Release|Any CPU.ActiveCfg = Release|Any CPU
		{167430A3-8526-4ADE-9E58-22B5762DC049}.Release|Any CPU.Build.0 = Release|Any CPU
	EndGlobalSection
	GlobalSection(SolutionProperties) = preSolution
		HideSolutionNode = FALSE
	EndGlobalSection
	GlobalSection(ExtensibilityGlobals) = postSolution
		SolutionGuid = {34395C83-2663-402A-83D7-A116A48678A2}
	EndGlobalSection
EndGlobal
